
Microsoft Visual Studio Solution File, Format Version 12.00
# Visual Studio Version 17
VisualStudioVersion = 17.0.32112.339
MinimumVisualStudioVersion = 10.0.40219.1
Project("{9A19103F-16F7-4668-BE54-9A1E7A4F7556}") = "PeakVentures.PixelService", "src\PeakVentures.PixelService\PeakVentures.PixelService.csproj", "{5F42E73E-DA29-49BB-B6AC-314FBCCCA3C0}"
EndProject
Project("{9A19103F-16F7-4668-BE54-9A1E7A4F7556}") = "PeakVentures.StorageService", "src\PeakVentures.StorageService\PeakVentures.StorageService.csproj", "{A7AF716A-A681-445F-BF96-1F30F510A05E}"
EndProject
Project("{2150E333-8FDC-42A3-9474-1A3956D46DE8}") = "Tests", "Tests", "{A6CC50E2-499A-4E25-BDF6-EDC42834418B}"
EndProject
Project("{9A19103F-16F7-4668-BE54-9A1E7A4F7556}") = "PeakVentures.PixelService.Tests", "Tests\PeakVentures.PixelService.Tests\PeakVentures.PixelService.Tests.csproj", "{E27B7DD9-5BA1-4577-B522-47CF9EACC0A4}"
EndProject
Project("{9A19103F-16F7-4668-BE54-9A1E7A4F7556}") = "PeakVentures.StorageService.Tests", "Tests\PeakVentures.StorageService.Tests\PeakVentures.StorageService.Tests.csproj", "{29A583E8-9458-4FD9-97C9-6BB6E2C0E359}"
EndProject
Project("{2150E333-8FDC-42A3-9474-1A3956D46DE8}") = "src", "src", "{5DDB689C-3B4C-4906-9AD7-B7D1770F8E89}"
EndProject
Global
	GlobalSection(SolutionConfigurationPlatforms) = preSolution
		Debug|Any CPU = Debug|Any CPU
		Release|Any CPU = Release|Any CPU
	EndGlobalSection
	GlobalSection(ProjectConfigurationPlatforms) = postSolution
		{5F42E73E-DA29-49BB-B6AC-314FBCCCA3C0}.Debug|Any CPU.ActiveCfg = Debug|Any CPU
		{5F42E73E-DA29-49BB-B6AC-314FBCCCA3C0}.Debug|Any CPU.Build.0 = Debug|Any CPU
		{5F42E73E-DA29-49BB-B6AC-314FBCCCA3C0}.Release|Any CPU.ActiveCfg = Release|Any CPU
		{5F42E73E-DA29-49BB-B6AC-314FBCCCA3C0}.Release|Any CPU.Build.0 = Release|Any CPU
		{A7AF716A-A681-445F-BF96-1F30F510A05E}.Debug|Any CPU.ActiveCfg = Debug|Any CPU
		{A7AF716A-A681-445F-BF96-1F30F510A05E}.Debug|Any CPU.Build.0 = Debug|Any CPU
		{A7AF716A-A681-445F-BF96-1F30F510A05E}.Release|Any CPU.ActiveCfg = Release|Any CPU
		{A7AF716A-A681-445F-BF96-1F30F510A05E}.Release|Any CPU.Build.0 = Release|Any CPU
		{E27B7DD9-5BA1-4577-B522-47CF9EACC0A4}.Debug|Any CPU.ActiveCfg = Debug|Any CPU
		{E27B7DD9-5BA1-4577-B522-47CF9EACC0A4}.Debug|Any CPU.Build.0 = Debug|Any CPU
		{E27B7DD9-5BA1-4577-B522-47CF9EACC0A4}.Release|Any CPU.ActiveCfg = Release|Any CPU
		{E27B7DD9-5BA1-4577-B522-47CF9EACC0A4}.Release|Any CPU.Build.0 = Release|Any CPU
		{29A583E8-9458-4FD9-97C9-6BB6E2C0E359}.Debug|Any CPU.ActiveCfg = Debug|Any CPU
		{29A583E8-9458-4FD9-97C9-6BB6E2C0E359}.Debug|Any CPU.Build.0 = Debug|Any CPU
		{29A583E8-9458-4FD9-97C9-6BB6E2C0E359}.Release|Any CPU.ActiveCfg = Release|Any CPU
		{29A583E8-9458-4FD9-97C9-6BB6E2C0E359}.Release|Any CPU.Build.0 = Release|Any CPU
	EndGlobalSection
	GlobalSection(SolutionProperties) = preSolution
		HideSolutionNode = FALSE
	EndGlobalSection
	GlobalSection(NestedProjects) = preSolution
		{5F42E73E-DA29-49BB-B6AC-314FBCCCA3C0} = {5DDB689C-3B4C-4906-9AD7-B7D1770F8E89}
		{A7AF716A-A681-445F-BF96-1F30F510A05E} = {5DDB689C-3B4C-4906-9AD7-B7D1770F8E89}
		{E27B7DD9-5BA1-4577-B522-47CF9EACC0A4} = {A6CC50E2-499A-4E25-BDF6-EDC42834418B}
		{29A583E8-9458-4FD9-97C9-6BB6E2C0E359} = {A6CC50E2-499A-4E25-BDF6-EDC42834418B}
	EndGlobalSection
	GlobalSection(ExtensibilityGlobals) = postSolution
		SolutionGuid = {BA8FCE06-8F79-4B4E-BCA2-F23898485EA6}
	EndGlobalSection
EndGlobal
